{
  "version": "3",
  "remote": {
    "https://deno.land/std@0.210.0/dotenv/mod.ts": "55d51d0c244da70e10ccbbdb68644064ce19c8af1683289d16ac802ceef64c8c",
    "https://deno.land/std@0.210.0/dotenv/parse.ts": "d76ff5a59bd7c374a40249dc28bd15c740da0428559c838b1ea5644f561bff20",
    "https://deno.land/std@0.210.0/dotenv/stringify.ts": "df8c503a9d46c567f1daa6554211dcfbe05179f9b3ca3d9adc9d92a14987442e"
  }
}
